// !$*UTF8*$!
{
	archiveVersion = 1;
	classes = {
	};
	objectVersion = 46;
	objects = {

/* Begin PBXBuildFile section */
		280D7E5B1EA5250E008CC116 /* main.m in Sources */ = {isa = PBXBuildFile; fileRef = 280D7E5A1EA5250E008CC116 /* main.m */; };
		280D7E5E1EA5250E008CC116 /* AppDelegate.m in Sources */ = {isa = PBXBuildFile; fileRef = 280D7E5D1EA5250E008CC116 /* AppDelegate.m */; };
		280D7E611EA5250E008CC116 /* ViewController.m in Sources */ = {isa = PBXBuildFile; fileRef = 280D7E601EA5250E008CC116 /* ViewController.m */; };
		280D7E641EA5250E008CC116 /* Main.storyboard in Resources */ = {isa = PBXBuildFile; fileRef = 280D7E621EA5250E008CC116 /* Main.storyboard */; };
		280D7E661EA5250F008CC116 /* Assets.xcassets in Resources */ = {isa = PBXBuildFile; fileRef = 280D7E651EA5250F008CC116 /* Assets.xcassets */; };
		280D7E691EA5250F008CC116 /* LaunchScreen.storyboard in Resources */ = {isa = PBXBuildFile; fileRef = 280D7E671EA5250F008CC116 /* LaunchScreen.storyboard */; };
		280D7E721EA52F2C008CC116 /* Person.m in Sources */ = {isa = PBXBuildFile; fileRef = 280D7E711EA52F2C008CC116 /* Person.m */; settings = {COMPILER_FLAGS = "-fno-objc-arc"; }; };
		280D7E751EA5454E008CC116 /* ViewController+Identifier.m in Sources */ = {isa = PBXBuildFile; fileRef = 280D7E741EA5454E008CC116 /* ViewController+Identifier.m */; };
		280D7E791EA56A26008CC116 /* Employee.m in Sources */ = {isa = PBXBuildFile; fileRef = 280D7E781EA56A26008CC116 /* Employee.m */; settings = {COMPILER_FLAGS = "-fno-objc-arc"; }; };
		280D7E801EA57ACB008CC116 /* NSString+Array.m in Sources */ = {isa = PBXBuildFile; fileRef = 280D7E7F1EA57ACB008CC116 /* NSString+Array.m */; };
		280D7E831EA6877C008CC116 /* EmployeeDatabase.m in Sources */ = {isa = PBXBuildFile; fileRef = 280D7E821EA6877C008CC116 /* EmployeeDatabase.m */; };
		280D7E861EA6D903008CC116 /* TableViewController.m in Sources */ = {isa = PBXBuildFile; fileRef = 280D7E851EA6D903008CC116 /* TableViewController.m */; };
		289FC1231EA8134900264554 /* AddEmployeeViewController.m in Sources */ = {isa = PBXBuildFile; fileRef = 289FC1221EA8134900264554 /* AddEmployeeViewController.m */; };
/* End PBXBuildFile section */

/* Begin PBXFileReference section */
		280D7E561EA5250E008CC116 /* Intro_to_Objective-C.app */ = {isa = PBXFileReference; explicitFileType = wrapper.application; includeInIndex = 0; path = "Intro_to_Objective-C.app"; sourceTree = BUILT_PRODUCTS_DIR; };
		280D7E5A1EA5250E008CC116 /* main.m */ = {isa = PBXFileReference; lastKnownFileType = sourcecode.c.objc; path = main.m; sourceTree = "<group>"; };
		280D7E5C1EA5250E008CC116 /* AppDelegate.h */ = {isa = PBXFileReference; lastKnownFileType = sourcecode.c.h; path = AppDelegate.h; sourceTree = "<group>"; };
		280D7E5D1EA5250E008CC116 /* AppDelegate.m */ = {isa = PBXFileReference; lastKnownFileType = sourcecode.c.objc; path = AppDelegate.m; sourceTree = "<group>"; };
		280D7E5F1EA5250E008CC116 /* ViewController.h */ = {isa = PBXFileReference; lastKnownFileType = sourcecode.c.h; path = ViewController.h; sourceTree = "<group>"; };
		280D7E601EA5250E008CC116 /* ViewController.m */ = {isa = PBXFileReference; lastKnownFileType = sourcecode.c.objc; path = ViewController.m; sourceTree = "<group>"; };
		280D7E631EA5250E008CC116 /* Base */ = {isa = PBXFileReference; lastKnownFileType = file.storyboard; name = Base; path = Base.lproj/Main.storyboard; sourceTree = "<group>"; };
		280D7E651EA5250F008CC116 /* Assets.xcassets */ = {isa = PBXFileReference; lastKnownFileType = folder.assetcatalog; path = Assets.xcassets; sourceTree = "<group>"; };
		280D7E681EA5250F008CC116 /* Base */ = {isa = PBXFileReference; lastKnownFileType = file.storyboard; name = Base; path = Base.lproj/LaunchScreen.storyboard; sourceTree = "<group>"; };
		280D7E6A1EA5250F008CC116 /* Info.plist */ = {isa = PBXFileReference; lastKnownFileType = text.plist.xml; path = Info.plist; sourceTree = "<group>"; };
		280D7E701EA52F2C008CC116 /* Person.h */ = {isa = PBXFileReference; fileEncoding = 4; lastKnownFileType = sourcecode.c.h; path = Person.h; sourceTree = "<group>"; };
		280D7E711EA52F2C008CC116 /* Person.m */ = {isa = PBXFileReference; fileEncoding = 4; lastKnownFileType = sourcecode.c.objc; path = Person.m; sourceTree = "<group>"; };
		280D7E731EA5454E008CC116 /* ViewController+Identifier.h */ = {isa = PBXFileReference; fileEncoding = 4; lastKnownFileType = sourcecode.c.h; path = "ViewController+Identifier.h"; sourceTree = "<group>"; };
		280D7E741EA5454E008CC116 /* ViewController+Identifier.m */ = {isa = PBXFileReference; fileEncoding = 4; lastKnownFileType = sourcecode.c.objc; path = "ViewController+Identifier.m"; sourceTree = "<group>"; };
		280D7E761EA54843008CC116 /* ViewControllerDataSource.h */ = {isa = PBXFileReference; fileEncoding = 4; lastKnownFileType = sourcecode.c.h; path = ViewControllerDataSource.h; sourceTree = "<group>"; };
		280D7E771EA56A26008CC116 /* Employee.h */ = {isa = PBXFileReference; fileEncoding = 4; lastKnownFileType = sourcecode.c.h; path = Employee.h; sourceTree = "<group>"; };
		280D7E781EA56A26008CC116 /* Employee.m */ = {isa = PBXFileReference; fileEncoding = 4; lastKnownFileType = sourcecode.c.objc; path = Employee.m; sourceTree = "<group>"; };
		280D7E7D1EA57708008CC116 /* PersonQueue.h */ = {isa = PBXFileReference; fileEncoding = 4; lastKnownFileType = sourcecode.c.h; path = PersonQueue.h; sourceTree = "<group>"; };
		280D7E7E1EA57ACB008CC116 /* NSString+Array.h */ = {isa = PBXFileReference; fileEncoding = 4; lastKnownFileType = sourcecode.c.h; path = "NSString+Array.h"; sourceTree = "<group>"; };
		280D7E7F1EA57ACB008CC116 /* NSString+Array.m */ = {isa = PBXFileReference; fileEncoding = 4; lastKnownFileType = sourcecode.c.objc; path = "NSString+Array.m"; sourceTree = "<group>"; };
		280D7E811EA6877C008CC116 /* EmployeeDatabase.h */ = {isa = PBXFileReference; fileEncoding = 4; lastKnownFileType = sourcecode.c.h; path = EmployeeDatabase.h; sourceTree = "<group>"; };
		280D7E821EA6877C008CC116 /* EmployeeDatabase.m */ = {isa = PBXFileReference; fileEncoding = 4; lastKnownFileType = sourcecode.c.objc; path = EmployeeDatabase.m; sourceTree = "<group>"; };
		280D7E841EA6D903008CC116 /* TableViewController.h */ = {isa = PBXFileReference; fileEncoding = 4; lastKnownFileType = sourcecode.c.h; path = TableViewController.h; sourceTree = "<group>"; };
		280D7E851EA6D903008CC116 /* TableViewController.m */ = {isa = PBXFileReference; fileEncoding = 4; lastKnownFileType = sourcecode.c.objc; path = TableViewController.m; sourceTree = "<group>"; };
		289FC1211EA8134900264554 /* AddEmployeeViewController.h */ = {isa = PBXFileReference; fileEncoding = 4; lastKnownFileType = sourcecode.c.h; path = AddEmployeeViewController.h; sourceTree = "<group>"; };
		289FC1221EA8134900264554 /* AddEmployeeViewController.m */ = {isa = PBXFileReference; fileEncoding = 4; lastKnownFileType = sourcecode.c.objc; path = AddEmployeeViewController.m; sourceTree = "<group>"; };
/* End PBXFileReference section */

/* Begin PBXFrameworksBuildPhase section */
		280D7E531EA5250E008CC116 /* Frameworks */ = {
			isa = PBXFrameworksBuildPhase;
			buildActionMask = 2147483647;
			files = (
			);
			runOnlyForDeploymentPostprocessing = 0;
		};
/* End PBXFrameworksBuildPhase section */

/* Begin PBXGroup section */
		280D7E4D1EA5250E008CC116 = {
			isa = PBXGroup;
			children = (
				280D7E581EA5250E008CC116 /* Intro_to_Objective-C */,
				280D7E571EA5250E008CC116 /* Products */,
			);
			sourceTree = "<group>";
		};
		280D7E571EA5250E008CC116 /* Products */ = {
			isa = PBXGroup;
			children = (
				280D7E561EA5250E008CC116 /* Intro_to_Objective-C.app */,
			);
			name = Products;
			sourceTree = "<group>";
		};
		280D7E581EA5250E008CC116 /* Intro_to_Objective-C */ = {
			isa = PBXGroup;
			children = (
				280D7E7A1EA57657008CC116 /* Model */,
				280D7E7B1EA57666008CC116 /* Controller */,
				280D7E7C1EA5767B008CC116 /* View */,
				280D7E6A1EA5250F008CC116 /* Info.plist */,
				280D7E591EA5250E008CC116 /* Supporting Files */,
			);
			path = "Intro_to_Objective-C";
			sourceTree = "<group>";
		};
		280D7E591EA5250E008CC116 /* Supporting Files */ = {
			isa = PBXGroup;
			children = (
				280D7E5A1EA5250E008CC116 /* main.m */,
			);
			name = "Supporting Files";
			sourceTree = "<group>";
		};
		280D7E7A1EA57657008CC116 /* Model */ = {
			isa = PBXGroup;
			children = (
				280D7E811EA6877C008CC116 /* EmployeeDatabase.h */,
				280D7E821EA6877C008CC116 /* EmployeeDatabase.m */,
				280D7E761EA54843008CC116 /* ViewControllerDataSource.h */,
				280D7E7D1EA57708008CC116 /* PersonQueue.h */,
				280D7E5C1EA5250E008CC116 /* AppDelegate.h */,
				280D7E5D1EA5250E008CC116 /* AppDelegate.m */,
				280D7E701EA52F2C008CC116 /* Person.h */,
				280D7E771EA56A26008CC116 /* Employee.h */,
				280D7E781EA56A26008CC116 /* Employee.m */,
				280D7E711EA52F2C008CC116 /* Person.m */,
			);
			name = Model;
			sourceTree = "<group>";
		};
		280D7E7B1EA57666008CC116 /* Controller */ = {
			isa = PBXGroup;
			children = (
				289FC1211EA8134900264554 /* AddEmployeeViewController.h */,
				289FC1221EA8134900264554 /* AddEmployeeViewController.m */,
				280D7E841EA6D903008CC116 /* TableViewController.h */,
				280D7E851EA6D903008CC116 /* TableViewController.m */,
				280D7E5F1EA5250E008CC116 /* ViewController.h */,
				280D7E601EA5250E008CC116 /* ViewController.m */,
				280D7E731EA5454E008CC116 /* ViewController+Identifier.h */,
				280D7E7E1EA57ACB008CC116 /* NSString+Array.h */,
				280D7E7F1EA57ACB008CC116 /* NSString+Array.m */,
				280D7E741EA5454E008CC116 /* ViewController+Identifier.m */,
			);
			name = Controller;
			sourceTree = "<group>";
		};
		280D7E7C1EA5767B008CC116 /* View */ = {
			isa = PBXGroup;
			children = (
				280D7E621EA5250E008CC116 /* Main.storyboard */,
				280D7E651EA5250F008CC116 /* Assets.xcassets */,
				280D7E671EA5250F008CC116 /* LaunchScreen.storyboard */,
			);
			name = View;
			sourceTree = "<group>";
		};
/* End PBXGroup section */

/* Begin PBXNativeTarget section */
		280D7E551EA5250E008CC116 /* Intro_to_Objective-C */ = {
			isa = PBXNativeTarget;
			buildConfigurationList = 280D7E6D1EA5250F008CC116 /* Build configuration list for PBXNativeTarget "Intro_to_Objective-C" */;
			buildPhases = (
				280D7E521EA5250E008CC116 /* Sources */,
				280D7E531EA5250E008CC116 /* Frameworks */,
				280D7E541EA5250E008CC116 /* Resources */,
			);
			buildRules = (
			);
			dependencies = (
			);
			name = "Intro_to_Objective-C";
			productName = "Intro_to_Objective-C";
			productReference = 280D7E561EA5250E008CC116 /* Intro_to_Objective-C.app */;
			productType = "com.apple.product-type.application";
		};
/* End PBXNativeTarget section */

/* Begin PBXProject section */
		280D7E4E1EA5250E008CC116 /* Project object */ = {
			isa = PBXProject;
			attributes = {
				LastUpgradeCheck = 0830;
				ORGANIZATIONNAME = "Jay Balderas";
				TargetAttributes = {
					280D7E551EA5250E008CC116 = {
						CreatedOnToolsVersion = 8.3.1;
						DevelopmentTeam = 5EB567WJ73;
						ProvisioningStyle = Automatic;
					};
				};
			};
			buildConfigurationList = 280D7E511EA5250E008CC116 /* Build configuration list for PBXProject "Intro_to_Objective-C" */;
			compatibilityVersion = "Xcode 3.2";
			developmentRegion = English;
			hasScannedForEncodings = 0;
			knownRegions = (
				en,
				Base,
			);
			mainGroup = 280D7E4D1EA5250E008CC116;
			productRefGroup = 280D7E571EA5250E008CC116 /* Products */;
			projectDirPath = "";
			projectRoot = "";
			targets = (
				280D7E551EA5250E008CC116 /* Intro_to_Objective-C */,
			);
		};
/* End PBXProject section */

/* Begin PBXResourcesBuildPhase section */
		280D7E541EA5250E008CC116 /* Resources */ = {
			isa = PBXResourcesBuildPhase;
			buildActionMask = 2147483647;
			files = (
				280D7E691EA5250F008CC116 /* LaunchScreen.storyboard in Resources */,
				280D7E661EA5250F008CC116 /* Assets.xcassets in Resources */,
				280D7E641EA5250E008CC116 /* Main.storyboard in Resources */,
			);
			runOnlyForDeploymentPostprocessing = 0;
		};
/* End PBXResourcesBuildPhase section */

/* Begin PBXSourcesBuildPhase section */
		280D7E521EA5250E008CC116 /* Sources */ = {
			isa = PBXSourcesBuildPhase;
			buildActionMask = 2147483647;
			files = (
				280D7E611EA5250E008CC116 /* ViewController.m in Sources */,
				280D7E5E1EA5250E008CC116 /* AppDelegate.m in Sources */,
				289FC1231EA8134900264554 /* AddEmployeeViewController.m in Sources */,
				280D7E831EA6877C008CC116 /* EmployeeDatabase.m in Sources */,
				280D7E801EA57ACB008CC116 /* NSString+Array.m in Sources */,
				280D7E861EA6D903008CC116 /* TableViewController.m in Sources */,
				280D7E791EA56A26008CC116 /* Employee.m in Sources */,
				280D7E751EA5454E008CC116 /* ViewController+Identifier.m in Sources */,
				280D7E721EA52F2C008CC116 /* Person.m in Sources */,
				280D7E5B1EA5250E008CC116 /* main.m in Sources */,
			);
			runOnlyForDeploymentPostprocessing = 0;
		};
/* End PBXSourcesBuildPhase section */

/* Begin PBXVariantGroup section */
		280D7E621EA5250E008CC116 /* Main.storyboard */ = {
			isa = PBXVariantGroup;
			children = (
				280D7E631EA5250E008CC116 /* Base */,
			);
			name = Main.storyboard;
			sourceTree = "<group>";
		};
		280D7E671EA5250F008CC116 /* LaunchScreen.storyboard */ = {
			isa = PBXVariantGroup;
			children = (
				280D7E681EA5250F008CC116 /* Base */,
			);
			name = LaunchScreen.storyboard;
			sourceTree = "<group>";
		};
/* End PBXVariantGroup section */

/* Begin XCBuildConfiguration section */
		280D7E6B1EA5250F008CC116 /* Debug */ = {
			isa = XCBuildConfiguration;
			buildSettings = {
				ALWAYS_SEARCH_USER_PATHS = NO;
				CLANG_ANALYZER_NONNULL = YES;
				CLANG_ANALYZER_NUMBER_OBJECT_CONVERSION = YES_AGGRESSIVE;
				CLANG_CXX_LANGUAGE_STANDARD = "gnu++0x";
				CLANG_CXX_LIBRARY = "libc++";
				CLANG_ENABLE_MODULES = YES;
				CLANG_ENABLE_OBJC_ARC = YES;
				CLANG_WARN_BOOL_CONVERSION = YES;
				CLANG_WARN_CONSTANT_CONVERSION = YES;
				CLANG_WARN_DIRECT_OBJC_ISA_USAGE = YES_ERROR;
				CLANG_WARN_DOCUMENTATION_COMMENTS = YES;
				CLANG_WARN_EMPTY_BODY = YES;
				CLANG_WARN_ENUM_CONVERSION = YES;
				CLANG_WARN_INFINITE_RECURSION = YES;
				CLANG_WARN_INT_CONVERSION = YES;
				CLANG_WARN_OBJC_ROOT_CLASS = YES_ERROR;
				CLANG_WARN_SUSPICIOUS_MOVE = YES;
				CLANG_WARN_UNREACHABLE_CODE = YES;
				CLANG_WARN__DUPLICATE_METHOD_MATCH = YES;
				"CODE_SIGN_IDENTITY[sdk=iphoneos*]" = "iPhone Developer";
				COPY_PHASE_STRIP = NO;
				DEBUG_INFORMATION_FORMAT = dwarf;
				ENABLE_STRICT_OBJC_MSGSEND = YES;
				ENABLE_TESTABILITY = YES;
				GCC_C_LANGUAGE_STANDARD = gnu99;
				GCC_DYNAMIC_NO_PIC = NO;
				GCC_NO_COMMON_BLOCKS = YES;
				GCC_OPTIMIZATION_LEVEL = 0;
				GCC_PREPROCESSOR_DEFINITIONS = (
					"DEBUG=1",
					"$(inherited)",
				);
				GCC_WARN_64_TO_32_BIT_CONVERSION = YES;
				GCC_WARN_ABOUT_RETURN_TYPE = YES_ERROR;
				GCC_WARN_UNDECLARED_SELECTOR = YES;
				GCC_WARN_UNINITIALIZED_AUTOS = YES_AGGRESSIVE;
				GCC_WARN_UNUSED_FUNCTION = YES;
				GCC_WARN_UNUSED_VARIABLE = YES;
				IPHONEOS_DEPLOYMENT_TARGET = 10.3;
				MTL_ENABLE_DEBUG_INFO = YES;
				ONLY_ACTIVE_ARCH = YES;
				SDKROOT = iphoneos;
				TARGETED_DEVICE_FAMILY = "1,2";
			};
			name = Debug;
		};
		280D7E6C1EA5250F008CC116 /* Release */ = {
			isa = XCBuildConfiguration;
			buildSettings = {
				ALWAYS_SEARCH_USER_PATHS = NO;
				CLANG_ANALYZER_NONNULL = YES;
				CLANG_ANALYZER_NUMBER_OBJECT_CONVERSION = YES_AGGRESSIVE;
				CLANG_CXX_LANGUAGE_STANDARD = "gnu++0x";
				CLANG_CXX_LIBRARY = "libc++";
				CLANG_ENABLE_MODULES = YES;
				CLANG_ENABLE_OBJC_ARC = YES;
				CLANG_WARN_BOOL_CONVERSION = YES;
				CLANG_WARN_CONSTANT_CONVERSION = YES;
				CLANG_WARN_DIRECT_OBJC_ISA_USAGE = YES_ERROR;
				CLANG_WARN_DOCUMENTATION_COMMENTS = YES;
				CLANG_WARN_EMPTY_BODY = YES;
				CLANG_WARN_ENUM_CONVERSION = YES;
				CLANG_WARN_INFINITE_RECURSION = YES;
				CLANG_WARN_INT_CONVERSION = YES;
				CLANG_WARN_OBJC_ROOT_CLASS = YES_ERROR;
				CLANG_WARN_SUSPICIOUS_MOVE = YES;
				CLANG_WARN_UNREACHABLE_CODE = YES;
				CLANG_WARN__DUPLICATE_METHOD_MATCH = YES;
				"CODE_SIGN_IDENTITY[sdk=iphoneos*]" = "iPhone Developer";
				COPY_PHASE_STRIP = NO;
				DEBUG_INFORMATION_FORMAT = "dwarf-with-dsym";
				ENABLE_NS_ASSERTIONS = NO;
				ENABLE_STRICT_OBJC_MSGSEND = YES;
				GCC_C_LANGUAGE_STANDARD = gnu99;
				GCC_NO_COMMON_BLOCKS = YES;
				GCC_WARN_64_TO_32_BIT_CONVERSION = YES;
				GCC_WARN_ABOUT_RETURN_TYPE = YES_ERROR;
				GCC_WARN_UNDECLARED_SELECTOR = YES;
				GCC_WARN_UNINITIALIZED_AUTOS = YES_AGGRESSIVE;
				GCC_WARN_UNUSED_FUNCTION = YES;
				GCC_WARN_UNUSED_VARIABLE = YES;
				IPHONEOS_DEPLOYMENT_TARGET = 10.3;
				MTL_ENABLE_DEBUG_INFO = NO;
				SDKROOT = iphoneos;
				TARGETED_DEVICE_FAMILY = "1,2";
				VALIDATE_PRODUCT = YES;
			};
			name = Release;
		};
		280D7E6E1EA5250F008CC116 /* Debug */ = {
			isa = XCBuildConfiguration;
			buildSettings = {
				ASSETCATALOG_COMPILER_APPICON_NAME = AppIcon;
				DEVELOPMENT_TEAM = 5EB567WJ73;
				INFOPLIST_FILE = "Intro_to_Objective-C/Info.plist";
				LD_RUNPATH_SEARCH_PATHS = "$(inherited) @executable_path/Frameworks";
				PRODUCT_BUNDLE_IDENTIFIER = "Jay-Balderas.Intro-to-Objective-C";
				PRODUCT_NAME = "$(TARGET_NAME)";
			};
			name = Debug;
		};
		280D7E6F1EA5250F008CC116 /* Release */ = {
			isa = XCBuildConfiguration;
			buildSettings = {
				ASSETCATALOG_COMPILER_APPICON_NAME = AppIcon;
				DEVELOPMENT_TEAM = 5EB567WJ73;
				INFOPLIST_FILE = "Intro_to_Objective-C/Info.plist";
				LD_RUNPATH_SEARCH_PATHS = "$(inherited) @executable_path/Frameworks";
				PRODUCT_BUNDLE_IDENTIFIER = "Jay-Balderas.Intro-to-Objective-C";
				PRODUCT_NAME = "$(TARGET_NAME)";
			};
			name = Release;
		};
/* End XCBuildConfiguration section */

/* Begin XCConfigurationList section */
		280D7E511EA5250E008CC116 /* Build configuration list for PBXProject "Intro_to_Objective-C" */ = {
			isa = XCConfigurationList;
			buildConfigurations = (
				280D7E6B1EA5250F008CC116 /* Debug */,
				280D7E6C1EA5250F008CC116 /* Release */,
			);
			defaultConfigurationIsVisible = 0;
			defaultConfigurationName = Release;
		};
		280D7E6D1EA5250F008CC116 /* Build configuration list for PBXNativeTarget "Intro_to_Objective-C" */ = {
			isa = XCConfigurationList;
			buildConfigurations = (
				280D7E6E1EA5250F008CC116 /* Debug */,
				280D7E6F1EA5250F008CC116 /* Release */,
			);
			defaultConfigurationIsVisible = 0;
			defaultConfigurationName = Release;
		};
/* End XCConfigurationList section */
	};
	rootObject = 280D7E4E1EA5250E008CC116 /* Project object */;
}
